
Microsoft Visual Studio Solution File, Format Version 12.00
# Visual Studio Version 16
VisualStudioVersion = 16.0.35826.135
MinimumVisualStudioVersion = 10.0.40219.1
Project("{FAE04EC0-301F-11D3-BF4B-00C04F79EFBC}") = "trading-bot-prototype", "trading-bot-prototype\trading-bot-prototype.csproj", "{0B72059A-70D9-433B-84C6-EB83611C569E}"
EndProject
Global
	GlobalSection(SolutionConfigurationPlatforms) = preSolution
		Debug|Any CPU = Debug|Any CPU
		Release|Any CPU = Release|Any CPU
	EndGlobalSection
	GlobalSection(ProjectConfigurationPlatforms) = postSolution
		{0B72059A-70D9-433B-84C6-EB83611C569E}.Debug|Any CPU.ActiveCfg = Debug|Any CPU
		{0B72059A-70D9-433B-84C6-EB83611C569E}.Debug|Any CPU.Build.0 = Debug|Any CPU
		{0B72059A-70D9-433B-84C6-EB83611C569E}.Release|Any CPU.ActiveCfg = Release|Any CPU
		{0B72059A-70D9-433B-84C6-EB83611C569E}.Release|Any CPU.Build.0 = Release|Any CPU
	EndGlobalSection
	GlobalSection(SolutionProperties) = preSolution
		HideSolutionNode = FALSE
	EndGlobalSection
	GlobalSection(ExtensibilityGlobals) = postSolution
		SolutionGuid = {5CAE827F-FDC7-49BC-AA60-F15EC8D5F14C}
	EndGlobalSection
EndGlobal
